
Microsoft Visual Studio Solution File, Format Version 12.00
# Visual Studio Version 16
VisualStudioVersion = 16.0.31321.278
MinimumVisualStudioVersion = 10.0.40219.1
Project("{9A19103F-16F7-4668-BE54-9A1E7A4F7556}") = "5Anime.Web", "5Anime.Web\5Anime.Web.csproj", "{9C1D43CB-7D55-4718-A77B-982D8B501A90}"
EndProject
Project("{FAE04EC0-301F-11D3-BF4B-00C04F79EFBC}") = "5Anime.Data", "5Anime.Data\5Anime.Data.csproj", "{2E52E51F-676A-4DF0-B530-162999BDBB61}"
EndProject
Project("{FAE04EC0-301F-11D3-BF4B-00C04F79EFBC}") = "5Anime.Business", "5Anime.Business\5Anime.Business.csproj", "{414A4368-51F5-4AA5-9E1A-DCAF8025928E}"
EndProject
Project("{FAE04EC0-301F-11D3-BF4B-00C04F79EFBC}") = "5Anime.Common", "5Anime.Common\5Anime.Common.csproj", "{D025E549-20DC-4D97-853C-42F839C7C6F8}"
EndProject
Global
	GlobalSection(SolutionConfigurationPlatforms) = preSolution
		Debug|Any CPU = Debug|Any CPU
		Release|Any CPU = Release|Any CPU
	EndGlobalSection
	GlobalSection(ProjectConfigurationPlatforms) = postSolution
		{9C1D43CB-7D55-4718-A77B-982D8B501A90}.Debug|Any CPU.ActiveCfg = Debug|Any CPU
		{9C1D43CB-7D55-4718-A77B-982D8B501A90}.Debug|Any CPU.Build.0 = Debug|Any CPU
		{9C1D43CB-7D55-4718-A77B-982D8B501A90}.Release|Any CPU.ActiveCfg = Release|Any CPU
		{9C1D43CB-7D55-4718-A77B-982D8B501A90}.Release|Any CPU.Build.0 = Release|Any CPU
		{2E52E51F-676A-4DF0-B530-162999BDBB61}.Debug|Any CPU.ActiveCfg = Debug|Any CPU
		{2E52E51F-676A-4DF0-B530-162999BDBB61}.Debug|Any CPU.Build.0 = Debug|Any CPU
		{2E52E51F-676A-4DF0-B530-162999BDBB61}.Release|Any CPU.ActiveCfg = Release|Any CPU
		{2E52E51F-676A-4DF0-B530-162999BDBB61}.Release|Any CPU.Build.0 = Release|Any CPU
		{414A4368-51F5-4AA5-9E1A-DCAF8025928E}.Debug|Any CPU.ActiveCfg = Debug|Any CPU
		{414A4368-51F5-4AA5-9E1A-DCAF8025928E}.Debug|Any CPU.Build.0 = Debug|Any CPU
		{414A4368-51F5-4AA5-9E1A-DCAF8025928E}.Release|Any CPU.ActiveCfg = Release|Any CPU
		{414A4368-51F5-4AA5-9E1A-DCAF8025928E}.Release|Any CPU.Build.0 = Release|Any CPU
		{D025E549-20DC-4D97-853C-42F839C7C6F8}.Debug|Any CPU.ActiveCfg = Debug|Any CPU
		{D025E549-20DC-4D97-853C-42F839C7C6F8}.Debug|Any CPU.Build.0 = Debug|Any CPU
		{D025E549-20DC-4D97-853C-42F839C7C6F8}.Release|Any CPU.ActiveCfg = Release|Any CPU
		{D025E549-20DC-4D97-853C-42F839C7C6F8}.Release|Any CPU.Build.0 = Release|Any CPU
	EndGlobalSection
	GlobalSection(SolutionProperties) = preSolution
		HideSolutionNode = FALSE
	EndGlobalSection
	GlobalSection(ExtensibilityGlobals) = postSolution
		SolutionGuid = {4BE4930E-139D-408E-83C5-BF236EE6DF70}
	EndGlobalSection
EndGlobal
